
Microsoft Visual Studio Solution File, Format Version 12.00
# Visual Studio Version 16
VisualStudioVersion = 16.0.30717.126
MinimumVisualStudioVersion = 10.0.40219.1
Project("{FAE04EC0-301F-11D3-BF4B-00C04F79EFBC}") = "ClasesObjetoTest", "ClasesObjetoTest.csproj", "{035430C1-93B2-4B64-B7B1-C00444938308}"
EndProject
Global
	GlobalSection(SolutionConfigurationPlatforms) = preSolution
		Debug|Any CPU = Debug|Any CPU
		Release|Any CPU = Release|Any CPU
	EndGlobalSection
	GlobalSection(ProjectConfigurationPlatforms) = postSolution
		{035430C1-93B2-4B64-B7B1-C00444938308}.Debug|Any CPU.ActiveCfg = Debug|Any CPU
		{035430C1-93B2-4B64-B7B1-C00444938308}.Debug|Any CPU.Build.0 = Debug|Any CPU
		{035430C1-93B2-4B64-B7B1-C00444938308}.Release|Any CPU.ActiveCfg = Release|Any CPU
		{035430C1-93B2-4B64-B7B1-C00444938308}.Release|Any CPU.Build.0 = Release|Any CPU
	EndGlobalSection
	GlobalSection(SolutionProperties) = preSolution
		HideSolutionNode = FALSE
	EndGlobalSection
	GlobalSection(ExtensibilityGlobals) = postSolution
		SolutionGuid = {DB141C98-A005-46FB-84DA-3DFB27BB7A80}
	EndGlobalSection
EndGlobal
